// !$*UTF8*$!
{
	archiveVersion = 1;
	classes = {
	};
	objectVersion = 50;
	objects = {

/* Begin PBXBuildFile section */
		F93FC0B221B6A71C0007C272 /* imagine.png in Resources */ = {isa = PBXBuildFile; fileRef = F93FC0B121B6A71C0007C272 /* imagine.png */; };
		FC17E029214F4F62002C7E90 /* AppDelegate.swift in Sources */ = {isa = PBXBuildFile; fileRef = FC17E028214F4F62002C7E90 /* AppDelegate.swift */; };
		FC17E02B214F4F62002C7E90 /* ViewController.swift in Sources */ = {isa = PBXBuildFile; fileRef = FC17E02A214F4F62002C7E90 /* ViewController.swift */; };
		FC17E030214F4F67002C7E90 /* Assets.xcassets in Resources */ = {isa = PBXBuildFile; fileRef = FC17E02F214F4F67002C7E90 /* Assets.xcassets */; };
		FC17E033214F4F67002C7E90 /* LaunchScreen.storyboard in Resources */ = {isa = PBXBuildFile; fileRef = FC17E031214F4F67002C7E90 /* LaunchScreen.storyboard */; };
		FCAA4005215A07490079E5EB /* IndexView.swift in Sources */ = {isa = PBXBuildFile; fileRef = FCAA4004215A07490079E5EB /* IndexView.swift */; };
		FCCCB70B21534C00007D06FD /* Main.storyboard in Resources */ = {isa = PBXBuildFile; fileRef = FCCCB70921534C00007D06FD /* Main.storyboard */; };
/* End PBXBuildFile section */

/* Begin PBXFileReference section */
		F93FC0B121B6A71C0007C272 /* imagine.png */ = {isa = PBXFileReference; lastKnownFileType = image.png; name = imagine.png; path = ../../../imagine.png; sourceTree = "<group>"; };
		FC17E025214F4F61002C7E90 /* av-test.app */ = {isa = PBXFileReference; explicitFileType = wrapper.application; includeInIndex = 0; path = "av-test.app"; sourceTree = BUILT_PRODUCTS_DIR; };
		FC17E028214F4F62002C7E90 /* AppDelegate.swift */ = {isa = PBXFileReference; lastKnownFileType = sourcecode.swift; path = AppDelegate.swift; sourceTree = "<group>"; };
		FC17E02A214F4F62002C7E90 /* ViewController.swift */ = {isa = PBXFileReference; lastKnownFileType = sourcecode.swift; path = ViewController.swift; sourceTree = "<group>"; };
		FC17E02F214F4F67002C7E90 /* Assets.xcassets */ = {isa = PBXFileReference; lastKnownFileType = folder.assetcatalog; path = Assets.xcassets; sourceTree = "<group>"; };
		FC17E032214F4F67002C7E90 /* Base */ = {isa = PBXFileReference; lastKnownFileType = file.storyboard; name = Base; path = Base.lproj/LaunchScreen.storyboard; sourceTree = "<group>"; };
		FC17E034214F4F67002C7E90 /* Info.plist */ = {isa = PBXFileReference; lastKnownFileType = text.plist.xml; path = Info.plist; sourceTree = "<group>"; };
		FCAA4004215A07490079E5EB /* IndexView.swift */ = {isa = PBXFileReference; lastKnownFileType = sourcecode.swift; path = IndexView.swift; sourceTree = "<group>"; };
		FCCCB70A21534C00007D06FD /* Base */ = {isa = PBXFileReference; lastKnownFileType = file.storyboard; name = Base; path = Base.lproj/Main.storyboard; sourceTree = "<group>"; };
/* End PBXFileReference section */

/* Begin PBXFrameworksBuildPhase section */
		FC17E022214F4F61002C7E90 /* Frameworks */ = {
			isa = PBXFrameworksBuildPhase;
			buildActionMask = 2147483647;
			files = (
			);
			runOnlyForDeploymentPostprocessing = 0;
		};
/* End PBXFrameworksBuildPhase section */

/* Begin PBXGroup section */
		FC17E01C214F4F60002C7E90 = {
			isa = PBXGroup;
			children = (
				F93FC0B121B6A71C0007C272 /* imagine.png */,
				FC17E027214F4F61002C7E90 /* av-test */,
				FC17E026214F4F61002C7E90 /* Products */,
			);
			sourceTree = "<group>";
		};
		FC17E026214F4F61002C7E90 /* Products */ = {
			isa = PBXGroup;
			children = (
				FC17E025214F4F61002C7E90 /* av-test.app */,
			);
			name = Products;
			sourceTree = "<group>";
		};
		FC17E027214F4F61002C7E90 /* av-test */ = {
			isa = PBXGroup;
			children = (
				FC17E028214F4F62002C7E90 /* AppDelegate.swift */,
				FC17E02A214F4F62002C7E90 /* ViewController.swift */,
				FCCCB70921534C00007D06FD /* Main.storyboard */,
				FC17E02F214F4F67002C7E90 /* Assets.xcassets */,
				FC17E031214F4F67002C7E90 /* LaunchScreen.storyboard */,
				FC17E034214F4F67002C7E90 /* Info.plist */,
				FCAA4004215A07490079E5EB /* IndexView.swift */,
			);
			path = "av-test";
			sourceTree = "<group>";
		};
/* End PBXGroup section */

/* Begin PBXNativeTarget section */
		FC17E024214F4F61002C7E90 /* av-test */ = {
			isa = PBXNativeTarget;
			buildConfigurationList = FC17E037214F4F67002C7E90 /* Build configuration list for PBXNativeTarget "av-test" */;
			buildPhases = (
				FC17E021214F4F61002C7E90 /* Sources */,
				FC17E022214F4F61002C7E90 /* Frameworks */,
				FC17E023214F4F61002C7E90 /* Resources */,
			);
			buildRules = (
			);
			dependencies = (
			);
			name = "av-test";
			productName = "av-test";
			productReference = FC17E025214F4F61002C7E90 /* av-test.app */;
			productType = "com.apple.product-type.application";
		};
/* End PBXNativeTarget section */

/* Begin PBXProject section */
		FC17E01D214F4F60002C7E90 /* Project object */ = {
			isa = PBXProject;
			attributes = {
				LastSwiftUpdateCheck = 0940;
				LastUpgradeCheck = 0940;
				ORGANIZATIONNAME = liweixia;
				TargetAttributes = {
					FC17E024214F4F61002C7E90 = {
						CreatedOnToolsVersion = 9.4.1;
					};
				};
			};
			buildConfigurationList = FC17E020214F4F60002C7E90 /* Build configuration list for PBXProject "av-test" */;
			compatibilityVersion = "Xcode 9.3";
			developmentRegion = en;
			hasScannedForEncodings = 0;
			knownRegions = (
				en,
				Base,
			);
			mainGroup = FC17E01C214F4F60002C7E90;
			productRefGroup = FC17E026214F4F61002C7E90 /* Products */;
			projectDirPath = "";
			projectRoot = "";
			targets = (
				FC17E024214F4F61002C7E90 /* av-test */,
			);
		};
/* End PBXProject section */

/* Begin PBXResourcesBuildPhase section */
		FC17E023214F4F61002C7E90 /* Resources */ = {
			isa = PBXResourcesBuildPhase;
			buildActionMask = 2147483647;
			files = (
				FC17E033214F4F67002C7E90 /* LaunchScreen.storyboard in Resources */,
				F93FC0B221B6A71C0007C272 /* imagine.png in Resources */,
				FCCCB70B21534C00007D06FD /* Main.storyboard in Resources */,
				FC17E030214F4F67002C7E90 /* Assets.xcassets in Resources */,
			);
			runOnlyForDeploymentPostprocessing = 0;
		};
/* End PBXResourcesBuildPhase section */

/* Begin PBXSourcesBuildPhase section */
		FC17E021214F4F61002C7E90 /* Sources */ = {
			isa = PBXSourcesBuildPhase;
			buildActionMask = 2147483647;
			files = (
				FC17E02B214F4F62002C7E90 /* ViewController.swift in Sources */,
				FCAA4005215A07490079E5EB /* IndexView.swift in Sources */,
				FC17E029214F4F62002C7E90 /* AppDelegate.swift in Sources */,
			);
			runOnlyForDeploymentPostprocessing = 0;
		};
/* End PBXSourcesBuildPhase section */

/* Begin PBXVariantGroup section */
		FC17E031214F4F67002C7E90 /* LaunchScreen.storyboard */ = {
			isa = PBXVariantGroup;
			children = (
				FC17E032214F4F67002C7E90 /* Base */,
			);
			name = LaunchScreen.storyboard;
			sourceTree = "<group>";
		};
		FCCCB70921534C00007D06FD /* Main.storyboard */ = {
			isa = PBXVariantGroup;
			children = (
				FCCCB70A21534C00007D06FD /* Base */,
			);
			name = Main.storyboard;
			sourceTree = "<group>";
		};
/* End PBXVariantGroup section */

/* Begin XCBuildConfiguration section */
		FC17E035214F4F67002C7E90 /* Debug */ = {
			isa = XCBuildConfiguration;
			buildSettings = {
				ALWAYS_SEARCH_USER_PATHS = NO;
				CLANG_ANALYZER_NONNULL = YES;
				CLANG_ANALYZER_NUMBER_OBJECT_CONVERSION = YES_AGGRESSIVE;
				CLANG_CXX_LANGUAGE_STANDARD = "gnu++14";
				CLANG_CXX_LIBRARY = "libc++";
				CLANG_ENABLE_MODULES = YES;
				CLANG_ENABLE_OBJC_ARC = YES;
				CLANG_ENABLE_OBJC_WEAK = YES;
				CLANG_WARN_BLOCK_CAPTURE_AUTORELEASING = YES;
				CLANG_WARN_BOOL_CONVERSION = YES;
				CLANG_WARN_COMMA = YES;
				CLANG_WARN_CONSTANT_CONVERSION = YES;
				CLANG_WARN_DEPRECATED_OBJC_IMPLEMENTATIONS = YES;
				CLANG_WARN_DIRECT_OBJC_ISA_USAGE = YES_ERROR;
				CLANG_WARN_DOCUMENTATION_COMMENTS = YES;
				CLANG_WARN_EMPTY_BODY = YES;
				CLANG_WARN_ENUM_CONVERSION = YES;
				CLANG_WARN_INFINITE_RECURSION = YES;
				CLANG_WARN_INT_CONVERSION = YES;
				CLANG_WARN_NON_LITERAL_NULL_CONVERSION = YES;
				CLANG_WARN_OBJC_IMPLICIT_RETAIN_SELF = YES;
				CLANG_WARN_OBJC_LITERAL_CONVERSION = YES;
				CLANG_WARN_OBJC_ROOT_CLASS = YES_ERROR;
				CLANG_WARN_RANGE_LOOP_ANALYSIS = YES;
				CLANG_WARN_STRICT_PROTOTYPES = YES;
				CLANG_WARN_SUSPICIOUS_MOVE = YES;
				CLANG_WARN_UNGUARDED_AVAILABILITY = YES_AGGRESSIVE;
				CLANG_WARN_UNREACHABLE_CODE = YES;
				CLANG_WARN__DUPLICATE_METHOD_MATCH = YES;
				CODE_SIGN_IDENTITY = "iPhone Developer";
				COPY_PHASE_STRIP = NO;
				DEBUG_INFORMATION_FORMAT = dwarf;
				ENABLE_STRICT_OBJC_MSGSEND = YES;
				ENABLE_TESTABILITY = YES;
				GCC_C_LANGUAGE_STANDARD = gnu11;
				GCC_DYNAMIC_NO_PIC = NO;
				GCC_NO_COMMON_BLOCKS = YES;
				GCC_OPTIMIZATION_LEVEL = 0;
				GCC_PREPROCESSOR_DEFINITIONS = (
					"DEBUG=1",
					"$(inherited)",
				);
				GCC_WARN_64_TO_32_BIT_CONVERSION = YES;
				GCC_WARN_ABOUT_RETURN_TYPE = YES_ERROR;
				GCC_WARN_UNDECLARED_SELECTOR = YES;
				GCC_WARN_UNINITIALIZED_AUTOS = YES_AGGRESSIVE;
				GCC_WARN_UNUSED_FUNCTION = YES;
				GCC_WARN_UNUSED_VARIABLE = YES;
				IPHONEOS_DEPLOYMENT_TARGET = 11.4;
				MTL_ENABLE_DEBUG_INFO = YES;
				ONLY_ACTIVE_ARCH = YES;
				SDKROOT = iphoneos;
				SWIFT_ACTIVE_COMPILATION_CONDITIONS = DEBUG;
				SWIFT_OPTIMIZATION_LEVEL = "-Onone";
			};
			name = Debug;
		};
		FC17E036214F4F67002C7E90 /* Release */ = {
			isa = XCBuildConfiguration;
			buildSettings = {
				ALWAYS_SEARCH_USER_PATHS = NO;
				CLANG_ANALYZER_NONNULL = YES;
				CLANG_ANALYZER_NUMBER_OBJECT_CONVERSION = YES_AGGRESSIVE;
				CLANG_CXX_LANGUAGE_STANDARD = "gnu++14";
				CLANG_CXX_LIBRARY = "libc++";
				CLANG_ENABLE_MODULES = YES;
				CLANG_ENABLE_OBJC_ARC = YES;
				CLANG_ENABLE_OBJC_WEAK = YES;
				CLANG_WARN_BLOCK_CAPTURE_AUTORELEASING = YES;
				CLANG_WARN_BOOL_CONVERSION = YES;
				CLANG_WARN_COMMA = YES;
				CLANG_WARN_CONSTANT_CONVERSION = YES;
				CLANG_WARN_DEPRECATED_OBJC_IMPLEMENTATIONS = YES;
				CLANG_WARN_DIRECT_OBJC_ISA_USAGE = YES_ERROR;
				CLANG_WARN_DOCUMENTATION_COMMENTS = YES;
				CLANG_WARN_EMPTY_BODY = YES;
				CLANG_WARN_ENUM_CONVERSION = YES;
				CLANG_WARN_INFINITE_RECURSION = YES;
				CLANG_WARN_INT_CONVERSION = YES;
				CLANG_WARN_NON_LITERAL_NULL_CONVERSION = YES;
				CLANG_WARN_OBJC_IMPLICIT_RETAIN_SELF = YES;
				CLANG_WARN_OBJC_LITERAL_CONVERSION = YES;
				CLANG_WARN_OBJC_ROOT_CLASS = YES_ERROR;
				CLANG_WARN_RANGE_LOOP_ANALYSIS = YES;
				CLANG_WARN_STRICT_PROTOTYPES = YES;
				CLANG_WARN_SUSPICIOUS_MOVE = YES;
				CLANG_WARN_UNGUARDED_AVAILABILITY = YES_AGGRESSIVE;
				CLANG_WARN_UNREACHABLE_CODE = YES;
				CLANG_WARN__DUPLICATE_METHOD_MATCH = YES;
				CODE_SIGN_IDENTITY = "iPhone Developer";
				COPY_PHASE_STRIP = NO;
				DEBUG_INFORMATION_FORMAT = "dwarf-with-dsym";
				ENABLE_NS_ASSERTIONS = NO;
				ENABLE_STRICT_OBJC_MSGSEND = YES;
				GCC_C_LANGUAGE_STANDARD = gnu11;
				GCC_NO_COMMON_BLOCKS = YES;
				GCC_WARN_64_TO_32_BIT_CONVERSION = YES;
				GCC_WARN_ABOUT_RETURN_TYPE = YES_ERROR;
				GCC_WARN_UNDECLARED_SELECTOR = YES;
				GCC_WARN_UNINITIALIZED_AUTOS = YES_AGGRESSIVE;
				GCC_WARN_UNUSED_FUNCTION = YES;
				GCC_WARN_UNUSED_VARIABLE = YES;
				IPHONEOS_DEPLOYMENT_TARGET = 11.4;
				MTL_ENABLE_DEBUG_INFO = NO;
				SDKROOT = iphoneos;
				SWIFT_COMPILATION_MODE = wholemodule;
				SWIFT_OPTIMIZATION_LEVEL = "-O";
				VALIDATE_PRODUCT = YES;
			};
			name = Release;
		};
		FC17E038214F4F67002C7E90 /* Debug */ = {
			isa = XCBuildConfiguration;
			buildSettings = {
				ASSETCATALOG_COMPILER_APPICON_NAME = AppIcon;
				CODE_SIGN_STYLE = Automatic;
				DEVELOPMENT_TEAM = 9MCH2WMXFQ;
				INFOPLIST_FILE = "av-test/Info.plist";
				IPHONEOS_DEPLOYMENT_TARGET = 11.0;
				LD_RUNPATH_SEARCH_PATHS = (
					"$(inherited)",
					"@executable_path/Frameworks",
				);
				PRODUCT_BUNDLE_IDENTIFIER = com.homework.iphone;
				PRODUCT_NAME = "$(TARGET_NAME)";
				SWIFT_VERSION = 4.0;
				TARGETED_DEVICE_FAMILY = "1,2";
			};
			name = Debug;
		};
		FC17E039214F4F67002C7E90 /* Release */ = {
			isa = XCBuildConfiguration;
			buildSettings = {
				ASSETCATALOG_COMPILER_APPICON_NAME = AppIcon;
				CODE_SIGN_STYLE = Automatic;
				DEVELOPMENT_TEAM = 9MCH2WMXFQ;
				INFOPLIST_FILE = "av-test/Info.plist";
				IPHONEOS_DEPLOYMENT_TARGET = 11.0;
				LD_RUNPATH_SEARCH_PATHS = (
					"$(inherited)",
					"@executable_path/Frameworks",
				);
				PRODUCT_BUNDLE_IDENTIFIER = com.homework.iphone;
				PRODUCT_NAME = "$(TARGET_NAME)";
				SWIFT_VERSION = 4.0;
				TARGETED_DEVICE_FAMILY = "1,2";
			};
			name = Release;
		};
/* End XCBuildConfiguration section */

/* Begin XCConfigurationList section */
		FC17E020214F4F60002C7E90 /* Build configuration list for PBXProject "av-test" */ = {
			isa = XCConfigurationList;
			buildConfigurations = (
				FC17E035214F4F67002C7E90 /* Debug */,
				FC17E036214F4F67002C7E90 /* Release */,
			);
			defaultConfigurationIsVisible = 0;
			defaultConfigurationName = Release;
		};
		FC17E037214F4F67002C7E90 /* Build configuration list for PBXNativeTarget "av-test" */ = {
			isa = XCConfigurationList;
			buildConfigurations = (
				FC17E038214F4F67002C7E90 /* Debug */,
				FC17E039214F4F67002C7E90 /* Release */,
			);
			defaultConfigurationIsVisible = 0;
			defaultConfigurationName = Release;
		};
/* End XCConfigurationList section */
	};
	rootObject = FC17E01D214F4F60002C7E90 /* Project object */;
}
